
Microsoft Visual Studio Solution File, Format Version 12.00
# Visual Studio Version 17
VisualStudioVersion = 17.5.33424.131
MinimumVisualStudioVersion = 10.0.40219.1
Project("{FAE04EC0-301F-11D3-BF4B-00C04F79EFBC}") = "InstanceVariablePrac", "InstanceVariablePrac\InstanceVariablePrac.csproj", "{D5512A2A-45E5-49C9-B7BD-7078395B0491}"
EndProject
Global
	GlobalSection(SolutionConfigurationPlatforms) = preSolution
		Debug|Any CPU = Debug|Any CPU
		Release|Any CPU = Release|Any CPU
	EndGlobalSection
	GlobalSection(ProjectConfigurationPlatforms) = postSolution
		{D5512A2A-45E5-49C9-B7BD-7078395B0491}.Debug|Any CPU.ActiveCfg = Debug|Any CPU
		{D5512A2A-45E5-49C9-B7BD-7078395B0491}.Debug|Any CPU.Build.0 = Debug|Any CPU
		{D5512A2A-45E5-49C9-B7BD-7078395B0491}.Release|Any CPU.ActiveCfg = Release|Any CPU
		{D5512A2A-45E5-49C9-B7BD-7078395B0491}.Release|Any CPU.Build.0 = Release|Any CPU
	EndGlobalSection
	GlobalSection(SolutionProperties) = preSolution
		HideSolutionNode = FALSE
	EndGlobalSection
	GlobalSection(ExtensibilityGlobals) = postSolution
		SolutionGuid = {F85CB0B5-F25A-46EB-8DED-B6FCF9094080}
	EndGlobalSection
EndGlobal
